
Microsoft Visual Studio Solution File, Format Version 12.00
# Visual Studio Version 16
VisualStudioVersion = 16.0.810.23
MinimumVisualStudioVersion = 10.0.40219.1
Project("{FAE04EC0-301F-11D3-BF4B-00C04F79EFBC}") = "PracticeLinq", "PracticeLinq\PracticeLinq.csproj", "{007FC1E2-F990-41A4-BF7F-84B40A575882}"
EndProject
Global
	GlobalSection(SolutionConfigurationPlatforms) = preSolution
		Debug|Any CPU = Debug|Any CPU
		Release|Any CPU = Release|Any CPU
	EndGlobalSection
	GlobalSection(ProjectConfigurationPlatforms) = postSolution
		{007FC1E2-F990-41A4-BF7F-84B40A575882}.Debug|Any CPU.ActiveCfg = Debug|Any CPU
		{007FC1E2-F990-41A4-BF7F-84B40A575882}.Debug|Any CPU.Build.0 = Debug|Any CPU
		{007FC1E2-F990-41A4-BF7F-84B40A575882}.Release|Any CPU.ActiveCfg = Release|Any CPU
		{007FC1E2-F990-41A4-BF7F-84B40A575882}.Release|Any CPU.Build.0 = Release|Any CPU
	EndGlobalSection
	GlobalSection(SolutionProperties) = preSolution
		HideSolutionNode = FALSE
	EndGlobalSection
	GlobalSection(ExtensibilityGlobals) = postSolution
		SolutionGuid = {2C7F948B-E916-4454-AB2E-2C97398F7DE3}
	EndGlobalSection
EndGlobal
